// !$*UTF8*$!
{
	archiveVersion = 1;
	classes = {
	};
	objectVersion = 55;
	objects = {

/* Begin PBXBuildFile section */
		3E2F0B2407535234B38DCF97 /* Pods_InstagramFirebaseTests.framework in Frameworks */ = {isa = PBXBuildFile; fileRef = 513A5215E37F0D93E0312D16 /* Pods_InstagramFirebaseTests.framework */; };
		43194A2127A07D8A0023AB63 /* AppDelegate.swift in Sources */ = {isa = PBXBuildFile; fileRef = 43194A2027A07D8A0023AB63 /* AppDelegate.swift */; };
		43194A2327A07D8A0023AB63 /* SceneDelegate.swift in Sources */ = {isa = PBXBuildFile; fileRef = 43194A2227A07D8A0023AB63 /* SceneDelegate.swift */; };
		43194A2527A07D8A0023AB63 /* ViewController.swift in Sources */ = {isa = PBXBuildFile; fileRef = 43194A2427A07D8A0023AB63 /* ViewController.swift */; };
		43194A2827A07D8A0023AB63 /* Main.storyboard in Resources */ = {isa = PBXBuildFile; fileRef = 43194A2627A07D8A0023AB63 /* Main.storyboard */; };
		43194A2A27A07D8C0023AB63 /* Assets.xcassets in Resources */ = {isa = PBXBuildFile; fileRef = 43194A2927A07D8C0023AB63 /* Assets.xcassets */; };
		43194A2D27A07D8C0023AB63 /* LaunchScreen.storyboard in Resources */ = {isa = PBXBuildFile; fileRef = 43194A2B27A07D8C0023AB63 /* LaunchScreen.storyboard */; };
		43194A3827A07D8C0023AB63 /* InstagramFirebaseTests.swift in Sources */ = {isa = PBXBuildFile; fileRef = 43194A3727A07D8C0023AB63 /* InstagramFirebaseTests.swift */; };
		43194A4227A07D8C0023AB63 /* InstagramFirebaseUITests.swift in Sources */ = {isa = PBXBuildFile; fileRef = 43194A4127A07D8C0023AB63 /* InstagramFirebaseUITests.swift */; };
		43194A4427A07D8C0023AB63 /* InstagramFirebaseUITestsLaunchTests.swift in Sources */ = {isa = PBXBuildFile; fileRef = 43194A4327A07D8C0023AB63 /* InstagramFirebaseUITestsLaunchTests.swift */; };
		43194A5227A166380023AB63 /* Extensions.swift in Sources */ = {isa = PBXBuildFile; fileRef = 43194A5127A166380023AB63 /* Extensions.swift */; };
		43194A5427A1A6390023AB63 /* GoogleService-Info.plist in Resources */ = {isa = PBXBuildFile; fileRef = 43194A5327A1A6390023AB63 /* GoogleService-Info.plist */; };
		C2AD277B44B294C34108321F /* Pods_InstagramFirebase.framework in Frameworks */ = {isa = PBXBuildFile; fileRef = 9A849A9342AC206137D29C15 /* Pods_InstagramFirebase.framework */; };
		E6C9AD1A586BE10B6D736FD6 /* Pods_InstagramFirebase_InstagramFirebaseUITests.framework in Frameworks */ = {isa = PBXBuildFile; fileRef = 359EC2BBB0B6CBE6728DA168 /* Pods_InstagramFirebase_InstagramFirebaseUITests.framework */; };
/* End PBXBuildFile section */

/* Begin PBXContainerItemProxy section */
		43194A3427A07D8C0023AB63 /* PBXContainerItemProxy */ = {
			isa = PBXContainerItemProxy;
			containerPortal = 43194A1527A07D8A0023AB63 /* Project object */;
			proxyType = 1;
			remoteGlobalIDString = 43194A1C27A07D8A0023AB63;
			remoteInfo = InstagramFirebase;
		};
		43194A3E27A07D8C0023AB63 /* PBXContainerItemProxy */ = {
			isa = PBXContainerItemProxy;
			containerPortal = 43194A1527A07D8A0023AB63 /* Project object */;
			proxyType = 1;
			remoteGlobalIDString = 43194A1C27A07D8A0023AB63;
			remoteInfo = InstagramFirebase;
		};
/* End PBXContainerItemProxy section */

/* Begin PBXFileReference section */
		0BD9AADB187A916D6B149E50 /* Pods-InstagramFirebaseTests.debug.xcconfig */ = {isa = PBXFileReference; includeInIndex = 1; lastKnownFileType = text.xcconfig; name = "Pods-InstagramFirebaseTests.debug.xcconfig"; path = "Target Support Files/Pods-InstagramFirebaseTests/Pods-InstagramFirebaseTests.debug.xcconfig"; sourceTree = "<group>"; };
		1E7674B0F1C1216164F9B945 /* Pods-InstagramFirebase.release.xcconfig */ = {isa = PBXFileReference; includeInIndex = 1; lastKnownFileType = text.xcconfig; name = "Pods-InstagramFirebase.release.xcconfig"; path = "Target Support Files/Pods-InstagramFirebase/Pods-InstagramFirebase.release.xcconfig"; sourceTree = "<group>"; };
		359EC2BBB0B6CBE6728DA168 /* Pods_InstagramFirebase_InstagramFirebaseUITests.framework */ = {isa = PBXFileReference; explicitFileType = wrapper.framework; includeInIndex = 0; path = Pods_InstagramFirebase_InstagramFirebaseUITests.framework; sourceTree = BUILT_PRODUCTS_DIR; };
		43194A1D27A07D8A0023AB63 /* InstagramFirebase.app */ = {isa = PBXFileReference; explicitFileType = wrapper.application; includeInIndex = 0; path = InstagramFirebase.app; sourceTree = BUILT_PRODUCTS_DIR; };
		43194A2027A07D8A0023AB63 /* AppDelegate.swift */ = {isa = PBXFileReference; lastKnownFileType = sourcecode.swift; path = AppDelegate.swift; sourceTree = "<group>"; };
		43194A2227A07D8A0023AB63 /* SceneDelegate.swift */ = {isa = PBXFileReference; lastKnownFileType = sourcecode.swift; path = SceneDelegate.swift; sourceTree = "<group>"; };
		43194A2427A07D8A0023AB63 /* ViewController.swift */ = {isa = PBXFileReference; lastKnownFileType = sourcecode.swift; path = ViewController.swift; sourceTree = "<group>"; };
		43194A2727A07D8A0023AB63 /* Base */ = {isa = PBXFileReference; lastKnownFileType = file.storyboard; name = Base; path = Base.lproj/Main.storyboard; sourceTree = "<group>"; };
		43194A2927A07D8C0023AB63 /* Assets.xcassets */ = {isa = PBXFileReference; lastKnownFileType = folder.assetcatalog; path = Assets.xcassets; sourceTree = "<group>"; };
		43194A2C27A07D8C0023AB63 /* Base */ = {isa = PBXFileReference; lastKnownFileType = file.storyboard; name = Base; path = Base.lproj/LaunchScreen.storyboard; sourceTree = "<group>"; };
		43194A2E27A07D8C0023AB63 /* Info.plist */ = {isa = PBXFileReference; lastKnownFileType = text.plist.xml; path = Info.plist; sourceTree = "<group>"; };
		43194A3327A07D8C0023AB63 /* InstagramFirebaseTests.xctest */ = {isa = PBXFileReference; explicitFileType = wrapper.cfbundle; includeInIndex = 0; path = InstagramFirebaseTests.xctest; sourceTree = BUILT_PRODUCTS_DIR; };
		43194A3727A07D8C0023AB63 /* InstagramFirebaseTests.swift */ = {isa = PBXFileReference; lastKnownFileType = sourcecode.swift; path = InstagramFirebaseTests.swift; sourceTree = "<group>"; };
		43194A3D27A07D8C0023AB63 /* InstagramFirebaseUITests.xctest */ = {isa = PBXFileReference; explicitFileType = wrapper.cfbundle; includeInIndex = 0; path = InstagramFirebaseUITests.xctest; sourceTree = BUILT_PRODUCTS_DIR; };
		43194A4127A07D8C0023AB63 /* InstagramFirebaseUITests.swift */ = {isa = PBXFileReference; lastKnownFileType = sourcecode.swift; path = InstagramFirebaseUITests.swift; sourceTree = "<group>"; };
		43194A4327A07D8C0023AB63 /* InstagramFirebaseUITestsLaunchTests.swift */ = {isa = PBXFileReference; lastKnownFileType = sourcecode.swift; path = InstagramFirebaseUITestsLaunchTests.swift; sourceTree = "<group>"; };
		43194A5127A166380023AB63 /* Extensions.swift */ = {isa = PBXFileReference; lastKnownFileType = sourcecode.swift; path = Extensions.swift; sourceTree = "<group>"; };
		43194A5327A1A6390023AB63 /* GoogleService-Info.plist */ = {isa = PBXFileReference; fileEncoding = 4; lastKnownFileType = text.plist.xml; path = "GoogleService-Info.plist"; sourceTree = "<group>"; };
		513A5215E37F0D93E0312D16 /* Pods_InstagramFirebaseTests.framework */ = {isa = PBXFileReference; explicitFileType = wrapper.framework; includeInIndex = 0; path = Pods_InstagramFirebaseTests.framework; sourceTree = BUILT_PRODUCTS_DIR; };
		6ECA7351676B6C9D59A85FD0 /* Pods-InstagramFirebase-InstagramFirebaseUITests.debug.xcconfig */ = {isa = PBXFileReference; includeInIndex = 1; lastKnownFileType = text.xcconfig; name = "Pods-InstagramFirebase-InstagramFirebaseUITests.debug.xcconfig"; path = "Target Support Files/Pods-InstagramFirebase-InstagramFirebaseUITests/Pods-InstagramFirebase-InstagramFirebaseUITests.debug.xcconfig"; sourceTree = "<group>"; };
		9A849A9342AC206137D29C15 /* Pods_InstagramFirebase.framework */ = {isa = PBXFileReference; explicitFileType = wrapper.framework; includeInIndex = 0; path = Pods_InstagramFirebase.framework; sourceTree = BUILT_PRODUCTS_DIR; };
		BC1BFE1784488CEAEB175D60 /* Pods-InstagramFirebaseTests.release.xcconfig */ = {isa = PBXFileReference; includeInIndex = 1; lastKnownFileType = text.xcconfig; name = "Pods-InstagramFirebaseTests.release.xcconfig"; path = "Target Support Files/Pods-InstagramFirebaseTests/Pods-InstagramFirebaseTests.release.xcconfig"; sourceTree = "<group>"; };
		CA1421DD7450D37C3A607E7D /* Pods-InstagramFirebase-InstagramFirebaseUITests.release.xcconfig */ = {isa = PBXFileReference; includeInIndex = 1; lastKnownFileType = text.xcconfig; name = "Pods-InstagramFirebase-InstagramFirebaseUITests.release.xcconfig"; path = "Target Support Files/Pods-InstagramFirebase-InstagramFirebaseUITests/Pods-InstagramFirebase-InstagramFirebaseUITests.release.xcconfig"; sourceTree = "<group>"; };
		FF502BB3ECE362309641CEEA /* Pods-InstagramFirebase.debug.xcconfig */ = {isa = PBXFileReference; includeInIndex = 1; lastKnownFileType = text.xcconfig; name = "Pods-InstagramFirebase.debug.xcconfig"; path = "Target Support Files/Pods-InstagramFirebase/Pods-InstagramFirebase.debug.xcconfig"; sourceTree = "<group>"; };
/* End PBXFileReference section */

/* Begin PBXFrameworksBuildPhase section */
		43194A1A27A07D8A0023AB63 /* Frameworks */ = {
			isa = PBXFrameworksBuildPhase;
			buildActionMask = 2147483647;
			files = (
				C2AD277B44B294C34108321F /* Pods_InstagramFirebase.framework in Frameworks */,
			);
			runOnlyForDeploymentPostprocessing = 0;
		};
		43194A3027A07D8C0023AB63 /* Frameworks */ = {
			isa = PBXFrameworksBuildPhase;
			buildActionMask = 2147483647;
			files = (
				3E2F0B2407535234B38DCF97 /* Pods_InstagramFirebaseTests.framework in Frameworks */,
			);
			runOnlyForDeploymentPostprocessing = 0;
		};
		43194A3A27A07D8C0023AB63 /* Frameworks */ = {
			isa = PBXFrameworksBuildPhase;
			buildActionMask = 2147483647;
			files = (
				E6C9AD1A586BE10B6D736FD6 /* Pods_InstagramFirebase_InstagramFirebaseUITests.framework in Frameworks */,
			);
			runOnlyForDeploymentPostprocessing = 0;
		};
/* End PBXFrameworksBuildPhase section */

/* Begin PBXGroup section */
		43194A1427A07D8A0023AB63 = {
			isa = PBXGroup;
			children = (
				43194A1F27A07D8A0023AB63 /* InstagramFirebase */,
				43194A3627A07D8C0023AB63 /* InstagramFirebaseTests */,
				43194A4027A07D8C0023AB63 /* InstagramFirebaseUITests */,
				43194A1E27A07D8A0023AB63 /* Products */,
				7C0CCF31A30410E8447BA7A3 /* Pods */,
				4F44D707EECBD77FC79C0F97 /* Frameworks */,
			);
			sourceTree = "<group>";
		};
		43194A1E27A07D8A0023AB63 /* Products */ = {
			isa = PBXGroup;
			children = (
				43194A1D27A07D8A0023AB63 /* InstagramFirebase.app */,
				43194A3327A07D8C0023AB63 /* InstagramFirebaseTests.xctest */,
				43194A3D27A07D8C0023AB63 /* InstagramFirebaseUITests.xctest */,
			);
			name = Products;
			sourceTree = "<group>";
		};
		43194A1F27A07D8A0023AB63 /* InstagramFirebase */ = {
			isa = PBXGroup;
			children = (
				43194A5027A166210023AB63 /* Utils */,
				43194A2027A07D8A0023AB63 /* AppDelegate.swift */,
				43194A2227A07D8A0023AB63 /* SceneDelegate.swift */,
				43194A2427A07D8A0023AB63 /* ViewController.swift */,
				43194A2627A07D8A0023AB63 /* Main.storyboard */,
				43194A2927A07D8C0023AB63 /* Assets.xcassets */,
				43194A2B27A07D8C0023AB63 /* LaunchScreen.storyboard */,
				43194A2E27A07D8C0023AB63 /* Info.plist */,
				43194A5327A1A6390023AB63 /* GoogleService-Info.plist */,
			);
			path = InstagramFirebase;
			sourceTree = "<group>";
		};
		43194A3627A07D8C0023AB63 /* InstagramFirebaseTests */ = {
			isa = PBXGroup;
			children = (
				43194A3727A07D8C0023AB63 /* InstagramFirebaseTests.swift */,
			);
			path = InstagramFirebaseTests;
			sourceTree = "<group>";
		};
		43194A4027A07D8C0023AB63 /* InstagramFirebaseUITests */ = {
			isa = PBXGroup;
			children = (
				43194A4127A07D8C0023AB63 /* InstagramFirebaseUITests.swift */,
				43194A4327A07D8C0023AB63 /* InstagramFirebaseUITestsLaunchTests.swift */,
			);
			path = InstagramFirebaseUITests;
			sourceTree = "<group>";
		};
		43194A5027A166210023AB63 /* Utils */ = {
			isa = PBXGroup;
			children = (
				43194A5127A166380023AB63 /* Extensions.swift */,
			);
			path = Utils;
			sourceTree = "<group>";
		};
		4F44D707EECBD77FC79C0F97 /* Frameworks */ = {
			isa = PBXGroup;
			children = (
				9A849A9342AC206137D29C15 /* Pods_InstagramFirebase.framework */,
				359EC2BBB0B6CBE6728DA168 /* Pods_InstagramFirebase_InstagramFirebaseUITests.framework */,
				513A5215E37F0D93E0312D16 /* Pods_InstagramFirebaseTests.framework */,
			);
			name = Frameworks;
			sourceTree = "<group>";
		};
		7C0CCF31A30410E8447BA7A3 /* Pods */ = {
			isa = PBXGroup;
			children = (
				FF502BB3ECE362309641CEEA /* Pods-InstagramFirebase.debug.xcconfig */,
				1E7674B0F1C1216164F9B945 /* Pods-InstagramFirebase.release.xcconfig */,
				6ECA7351676B6C9D59A85FD0 /* Pods-InstagramFirebase-InstagramFirebaseUITests.debug.xcconfig */,
				CA1421DD7450D37C3A607E7D /* Pods-InstagramFirebase-InstagramFirebaseUITests.release.xcconfig */,
				0BD9AADB187A916D6B149E50 /* Pods-InstagramFirebaseTests.debug.xcconfig */,
				BC1BFE1784488CEAEB175D60 /* Pods-InstagramFirebaseTests.release.xcconfig */,
			);
			name = Pods;
			path = Pods;
			sourceTree = "<group>";
		};
/* End PBXGroup section */

/* Begin PBXNativeTarget section */
		43194A1C27A07D8A0023AB63 /* InstagramFirebase */ = {
			isa = PBXNativeTarget;
			buildConfigurationList = 43194A4727A07D8C0023AB63 /* Build configuration list for PBXNativeTarget "InstagramFirebase" */;
			buildPhases = (
				34C50B65225F118D036CBCE5 /* [CP] Check Pods Manifest.lock */,
				43194A1927A07D8A0023AB63 /* Sources */,
				43194A1A27A07D8A0023AB63 /* Frameworks */,
				43194A1B27A07D8A0023AB63 /* Resources */,
				95EBF767954D91653EDDA3F9 /* [CP] Embed Pods Frameworks */,
			);
			buildRules = (
			);
			dependencies = (
			);
			name = InstagramFirebase;
			productName = InstagramFirebase;
			productReference = 43194A1D27A07D8A0023AB63 /* InstagramFirebase.app */;
			productType = "com.apple.product-type.application";
		};
		43194A3227A07D8C0023AB63 /* InstagramFirebaseTests */ = {
			isa = PBXNativeTarget;
			buildConfigurationList = 43194A4A27A07D8C0023AB63 /* Build configuration list for PBXNativeTarget "InstagramFirebaseTests" */;
			buildPhases = (
				186F840792EE4344B0EBD254 /* [CP] Check Pods Manifest.lock */,
				43194A2F27A07D8C0023AB63 /* Sources */,
				43194A3027A07D8C0023AB63 /* Frameworks */,
				43194A3127A07D8C0023AB63 /* Resources */,
			);
			buildRules = (
			);
			dependencies = (
				43194A3527A07D8C0023AB63 /* PBXTargetDependency */,
			);
			name = InstagramFirebaseTests;
			productName = InstagramFirebaseTests;
			productReference = 43194A3327A07D8C0023AB63 /* InstagramFirebaseTests.xctest */;
			productType = "com.apple.product-type.bundle.unit-test";
		};
		43194A3C27A07D8C0023AB63 /* InstagramFirebaseUITests */ = {
			isa = PBXNativeTarget;
			buildConfigurationList = 43194A4D27A07D8C0023AB63 /* Build configuration list for PBXNativeTarget "InstagramFirebaseUITests" */;
			buildPhases = (
				C3121BF5ABB4ECB678F0D269 /* [CP] Check Pods Manifest.lock */,
				43194A3927A07D8C0023AB63 /* Sources */,
				43194A3A27A07D8C0023AB63 /* Frameworks */,
				43194A3B27A07D8C0023AB63 /* Resources */,
				A8A9FAE0E00831D694A9EEA8 /* [CP] Embed Pods Frameworks */,
			);
			buildRules = (
			);
			dependencies = (
				43194A3F27A07D8C0023AB63 /* PBXTargetDependency */,
			);
			name = InstagramFirebaseUITests;
			productName = InstagramFirebaseUITests;
			productReference = 43194A3D27A07D8C0023AB63 /* InstagramFirebaseUITests.xctest */;
			productType = "com.apple.product-type.bundle.ui-testing";
		};
/* End PBXNativeTarget section */

/* Begin PBXProject section */
		43194A1527A07D8A0023AB63 /* Project object */ = {
			isa = PBXProject;
			attributes = {
				BuildIndependentTargetsInParallel = 1;
				LastSwiftUpdateCheck = 1310;
				LastUpgradeCheck = 1310;
				TargetAttributes = {
					43194A1C27A07D8A0023AB63 = {
						CreatedOnToolsVersion = 13.1;
					};
					43194A3227A07D8C0023AB63 = {
						CreatedOnToolsVersion = 13.1;
						TestTargetID = 43194A1C27A07D8A0023AB63;
					};
					43194A3C27A07D8C0023AB63 = {
						CreatedOnToolsVersion = 13.1;
						TestTargetID = 43194A1C27A07D8A0023AB63;
					};
				};
			};
			buildConfigurationList = 43194A1827A07D8A0023AB63 /* Build configuration list for PBXProject "InstagramFirebase" */;
			compatibilityVersion = "Xcode 13.0";
			developmentRegion = en;
			hasScannedForEncodings = 0;
			knownRegions = (
				en,
				Base,
			);
			mainGroup = 43194A1427A07D8A0023AB63;
			productRefGroup = 43194A1E27A07D8A0023AB63 /* Products */;
			projectDirPath = "";
			projectRoot = "";
			targets = (
				43194A1C27A07D8A0023AB63 /* InstagramFirebase */,
				43194A3227A07D8C0023AB63 /* InstagramFirebaseTests */,
				43194A3C27A07D8C0023AB63 /* InstagramFirebaseUITests */,
			);
		};
/* End PBXProject section */

/* Begin PBXResourcesBuildPhase section */
		43194A1B27A07D8A0023AB63 /* Resources */ = {
			isa = PBXResourcesBuildPhase;
			buildActionMask = 2147483647;
			files = (
				43194A2D27A07D8C0023AB63 /* LaunchScreen.storyboard in Resources */,
				43194A5427A1A6390023AB63 /* GoogleService-Info.plist in Resources */,
				43194A2A27A07D8C0023AB63 /* Assets.xcassets in Resources */,
				43194A2827A07D8A0023AB63 /* Main.storyboard in Resources */,
			);
			runOnlyForDeploymentPostprocessing = 0;
		};
		43194A3127A07D8C0023AB63 /* Resources */ = {
			isa = PBXResourcesBuildPhase;
			buildActionMask = 2147483647;
			files = (
			);
			runOnlyForDeploymentPostprocessing = 0;
		};
		43194A3B27A07D8C0023AB63 /* Resources */ = {
			isa = PBXResourcesBuildPhase;
			buildActionMask = 2147483647;
			files = (
			);
			runOnlyForDeploymentPostprocessing = 0;
		};
/* End PBXResourcesBuildPhase section */

/* Begin PBXShellScriptBuildPhase section */
		186F840792EE4344B0EBD254 /* [CP] Check Pods Manifest.lock */ = {
			isa = PBXShellScriptBuildPhase;
			buildActionMask = 2147483647;
			files = (
			);
			inputFileListPaths = (
			);
			inputPaths = (
				"${PODS_PODFILE_DIR_PATH}/Podfile.lock",
				"${PODS_ROOT}/Manifest.lock",
			);
			name = "[CP] Check Pods Manifest.lock";
			outputFileListPaths = (
			);
			outputPaths = (
				"$(DERIVED_FILE_DIR)/Pods-InstagramFirebaseTests-checkManifestLockResult.txt",
			);
			runOnlyForDeploymentPostprocessing = 0;
			shellPath = /bin/sh;
			shellScript = "diff \"${PODS_PODFILE_DIR_PATH}/Podfile.lock\" \"${PODS_ROOT}/Manifest.lock\" > /dev/null\nif [ $? != 0 ] ; then\n    # print error to STDERR\n    echo \"error: The sandbox is not in sync with the Podfile.lock. Run 'pod install' or update your CocoaPods installation.\" >&2\n    exit 1\nfi\n# This output is used by Xcode 'outputs' to avoid re-running this script phase.\necho \"SUCCESS\" > \"${SCRIPT_OUTPUT_FILE_0}\"\n";
			showEnvVarsInLog = 0;
		};
		34C50B65225F118D036CBCE5 /* [CP] Check Pods Manifest.lock */ = {
			isa = PBXShellScriptBuildPhase;
			buildActionMask = 2147483647;
			files = (
			);
			inputFileListPaths = (
			);
			inputPaths = (
				"${PODS_PODFILE_DIR_PATH}/Podfile.lock",
				"${PODS_ROOT}/Manifest.lock",
			);
			name = "[CP] Check Pods Manifest.lock";
			outputFileListPaths = (
			);
			outputPaths = (
				"$(DERIVED_FILE_DIR)/Pods-InstagramFirebase-checkManifestLockResult.txt",
			);
			runOnlyForDeploymentPostprocessing = 0;
			shellPath = /bin/sh;
			shellScript = "diff \"${PODS_PODFILE_DIR_PATH}/Podfile.lock\" \"${PODS_ROOT}/Manifest.lock\" > /dev/null\nif [ $? != 0 ] ; then\n    # print error to STDERR\n    echo \"error: The sandbox is not in sync with the Podfile.lock. Run 'pod install' or update your CocoaPods installation.\" >&2\n    exit 1\nfi\n# This output is used by Xcode 'outputs' to avoid re-running this script phase.\necho \"SUCCESS\" > \"${SCRIPT_OUTPUT_FILE_0}\"\n";
			showEnvVarsInLog = 0;
		};
		95EBF767954D91653EDDA3F9 /* [CP] Embed Pods Frameworks */ = {
			isa = PBXShellScriptBuildPhase;
			buildActionMask = 2147483647;
			files = (
			);
			inputFileListPaths = (
				"${PODS_ROOT}/Target Support Files/Pods-InstagramFirebase/Pods-InstagramFirebase-frameworks-${CONFIGURATION}-input-files.xcfilelist",
			);
			name = "[CP] Embed Pods Frameworks";
			outputFileListPaths = (
				"${PODS_ROOT}/Target Support Files/Pods-InstagramFirebase/Pods-InstagramFirebase-frameworks-${CONFIGURATION}-output-files.xcfilelist",
			);
			runOnlyForDeploymentPostprocessing = 0;
			shellPath = /bin/sh;
			shellScript = "\"${PODS_ROOT}/Target Support Files/Pods-InstagramFirebase/Pods-InstagramFirebase-frameworks.sh\"\n";
			showEnvVarsInLog = 0;
		};
		A8A9FAE0E00831D694A9EEA8 /* [CP] Embed Pods Frameworks */ = {
			isa = PBXShellScriptBuildPhase;
			buildActionMask = 2147483647;
			files = (
			);
			inputFileListPaths = (
				"${PODS_ROOT}/Target Support Files/Pods-InstagramFirebase-InstagramFirebaseUITests/Pods-InstagramFirebase-InstagramFirebaseUITests-frameworks-${CONFIGURATION}-input-files.xcfilelist",
			);
			name = "[CP] Embed Pods Frameworks";
			outputFileListPaths = (
				"${PODS_ROOT}/Target Support Files/Pods-InstagramFirebase-InstagramFirebaseUITests/Pods-InstagramFirebase-InstagramFirebaseUITests-frameworks-${CONFIGURATION}-output-files.xcfilelist",
			);
			runOnlyForDeploymentPostprocessing = 0;
			shellPath = /bin/sh;
			shellScript = "\"${PODS_ROOT}/Target Support Files/Pods-InstagramFirebase-InstagramFirebaseUITests/Pods-InstagramFirebase-InstagramFirebaseUITests-frameworks.sh\"\n";
			showEnvVarsInLog = 0;
		};
		C3121BF5ABB4ECB678F0D269 /* [CP] Check Pods Manifest.lock */ = {
			isa = PBXShellScriptBuildPhase;
			buildActionMask = 2147483647;
			files = (
			);
			inputFileListPaths = (
			);
			inputPaths = (
				"${PODS_PODFILE_DIR_PATH}/Podfile.lock",
				"${PODS_ROOT}/Manifest.lock",
			);
			name = "[CP] Check Pods Manifest.lock";
			outputFileListPaths = (
			);
			outputPaths = (
				"$(DERIVED_FILE_DIR)/Pods-InstagramFirebase-InstagramFirebaseUITests-checkManifestLockResult.txt",
			);
			runOnlyForDeploymentPostprocessing = 0;
			shellPath = /bin/sh;
			shellScript = "diff \"${PODS_PODFILE_DIR_PATH}/Podfile.lock\" \"${PODS_ROOT}/Manifest.lock\" > /dev/null\nif [ $? != 0 ] ; then\n    # print error to STDERR\n    echo \"error: The sandbox is not in sync with the Podfile.lock. Run 'pod install' or update your CocoaPods installation.\" >&2\n    exit 1\nfi\n# This output is used by Xcode 'outputs' to avoid re-running this script phase.\necho \"SUCCESS\" > \"${SCRIPT_OUTPUT_FILE_0}\"\n";
			showEnvVarsInLog = 0;
		};
/* End PBXShellScriptBuildPhase section */

/* Begin PBXSourcesBuildPhase section */
		43194A1927A07D8A0023AB63 /* Sources */ = {
			isa = PBXSourcesBuildPhase;
			buildActionMask = 2147483647;
			files = (
				43194A2527A07D8A0023AB63 /* ViewController.swift in Sources */,
				43194A2127A07D8A0023AB63 /* AppDelegate.swift in Sources */,
				43194A2327A07D8A0023AB63 /* SceneDelegate.swift in Sources */,
				43194A5227A166380023AB63 /* Extensions.swift in Sources */,
			);
			runOnlyForDeploymentPostprocessing = 0;
		};
		43194A2F27A07D8C0023AB63 /* Sources */ = {
			isa = PBXSourcesBuildPhase;
			buildActionMask = 2147483647;
			files = (
				43194A3827A07D8C0023AB63 /* InstagramFirebaseTests.swift in Sources */,
			);
			runOnlyForDeploymentPostprocessing = 0;
		};
		43194A3927A07D8C0023AB63 /* Sources */ = {
			isa = PBXSourcesBuildPhase;
			buildActionMask = 2147483647;
			files = (
				43194A4427A07D8C0023AB63 /* InstagramFirebaseUITestsLaunchTests.swift in Sources */,
				43194A4227A07D8C0023AB63 /* InstagramFirebaseUITests.swift in Sources */,
			);
			runOnlyForDeploymentPostprocessing = 0;
		};
/* End PBXSourcesBuildPhase section */

/* Begin PBXTargetDependency section */
		43194A3527A07D8C0023AB63 /* PBXTargetDependency */ = {
			isa = PBXTargetDependency;
			target = 43194A1C27A07D8A0023AB63 /* InstagramFirebase */;
			targetProxy = 43194A3427A07D8C0023AB63 /* PBXContainerItemProxy */;
		};
		43194A3F27A07D8C0023AB63 /* PBXTargetDependency */ = {
			isa = PBXTargetDependency;
			target = 43194A1C27A07D8A0023AB63 /* InstagramFirebase */;
			targetProxy = 43194A3E27A07D8C0023AB63 /* PBXContainerItemProxy */;
		};
/* End PBXTargetDependency section */

/* Begin PBXVariantGroup section */
		43194A2627A07D8A0023AB63 /* Main.storyboard */ = {
			isa = PBXVariantGroup;
			children = (
				43194A2727A07D8A0023AB63 /* Base */,
			);
			name = Main.storyboard;
			sourceTree = "<group>";
		};
		43194A2B27A07D8C0023AB63 /* LaunchScreen.storyboard */ = {
			isa = PBXVariantGroup;
			children = (
				43194A2C27A07D8C0023AB63 /* Base */,
			);
			name = LaunchScreen.storyboard;
			sourceTree = "<group>";
		};
/* End PBXVariantGroup section */

/* Begin XCBuildConfiguration section */
		43194A4527A07D8C0023AB63 /* Debug */ = {
			isa = XCBuildConfiguration;
			buildSettings = {
				ALWAYS_SEARCH_USER_PATHS = NO;
				CLANG_ANALYZER_NONNULL = YES;
				CLANG_ANALYZER_NUMBER_OBJECT_CONVERSION = YES_AGGRESSIVE;
				CLANG_CXX_LANGUAGE_STANDARD = "gnu++17";
				CLANG_CXX_LIBRARY = "libc++";
				CLANG_ENABLE_MODULES = YES;
				CLANG_ENABLE_OBJC_ARC = YES;
				CLANG_ENABLE_OBJC_WEAK = YES;
				CLANG_WARN_BLOCK_CAPTURE_AUTORELEASING = YES;
				CLANG_WARN_BOOL_CONVERSION = YES;
				CLANG_WARN_COMMA = YES;
				CLANG_WARN_CONSTANT_CONVERSION = YES;
				CLANG_WARN_DEPRECATED_OBJC_IMPLEMENTATIONS = YES;
				CLANG_WARN_DIRECT_OBJC_ISA_USAGE = YES_ERROR;
				CLANG_WARN_DOCUMENTATION_COMMENTS = YES;
				CLANG_WARN_EMPTY_BODY = YES;
				CLANG_WARN_ENUM_CONVERSION = YES;
				CLANG_WARN_INFINITE_RECURSION = YES;
				CLANG_WARN_INT_CONVERSION = YES;
				CLANG_WARN_NON_LITERAL_NULL_CONVERSION = YES;
				CLANG_WARN_OBJC_IMPLICIT_RETAIN_SELF = YES;
				CLANG_WARN_OBJC_LITERAL_CONVERSION = YES;
				CLANG_WARN_OBJC_ROOT_CLASS = YES_ERROR;
				CLANG_WARN_QUOTED_INCLUDE_IN_FRAMEWORK_HEADER = YES;
				CLANG_WARN_RANGE_LOOP_ANALYSIS = YES;
				CLANG_WARN_STRICT_PROTOTYPES = YES;
				CLANG_WARN_SUSPICIOUS_MOVE = YES;
				CLANG_WARN_UNGUARDED_AVAILABILITY = YES_AGGRESSIVE;
				CLANG_WARN_UNREACHABLE_CODE = YES;
				CLANG_WARN__DUPLICATE_METHOD_MATCH = YES;
				COPY_PHASE_STRIP = NO;
				DEBUG_INFORMATION_FORMAT = dwarf;
				ENABLE_STRICT_OBJC_MSGSEND = YES;
				ENABLE_TESTABILITY = YES;
				GCC_C_LANGUAGE_STANDARD = gnu11;
				GCC_DYNAMIC_NO_PIC = NO;
				GCC_NO_COMMON_BLOCKS = YES;
				GCC_OPTIMIZATION_LEVEL = 0;
				GCC_PREPROCESSOR_DEFINITIONS = (
					"DEBUG=1",
					"$(inherited)",
				);
				GCC_WARN_64_TO_32_BIT_CONVERSION = YES;
				GCC_WARN_ABOUT_RETURN_TYPE = YES_ERROR;
				GCC_WARN_UNDECLARED_SELECTOR = YES;
				GCC_WARN_UNINITIALIZED_AUTOS = YES_AGGRESSIVE;
				GCC_WARN_UNUSED_FUNCTION = YES;
				GCC_WARN_UNUSED_VARIABLE = YES;
				IPHONEOS_DEPLOYMENT_TARGET = 15.0;
				MTL_ENABLE_DEBUG_INFO = INCLUDE_SOURCE;
				MTL_FAST_MATH = YES;
				ONLY_ACTIVE_ARCH = YES;
				SDKROOT = iphoneos;
				SWIFT_ACTIVE_COMPILATION_CONDITIONS = DEBUG;
				SWIFT_OPTIMIZATION_LEVEL = "-Onone";
			};
			name = Debug;
		};
		43194A4627A07D8C0023AB63 /* Release */ = {
			isa = XCBuildConfiguration;
			buildSettings = {
				ALWAYS_SEARCH_USER_PATHS = NO;
				CLANG_ANALYZER_NONNULL = YES;
				CLANG_ANALYZER_NUMBER_OBJECT_CONVERSION = YES_AGGRESSIVE;
				CLANG_CXX_LANGUAGE_STANDARD = "gnu++17";
				CLANG_CXX_LIBRARY = "libc++";
				CLANG_ENABLE_MODULES = YES;
				CLANG_ENABLE_OBJC_ARC = YES;
				CLANG_ENABLE_OBJC_WEAK = YES;
				CLANG_WARN_BLOCK_CAPTURE_AUTORELEASING = YES;
				CLANG_WARN_BOOL_CONVERSION = YES;
				CLANG_WARN_COMMA = YES;
				CLANG_WARN_CONSTANT_CONVERSION = YES;
				CLANG_WARN_DEPRECATED_OBJC_IMPLEMENTATIONS = YES;
				CLANG_WARN_DIRECT_OBJC_ISA_USAGE = YES_ERROR;
				CLANG_WARN_DOCUMENTATION_COMMENTS = YES;
				CLANG_WARN_EMPTY_BODY = YES;
				CLANG_WARN_ENUM_CONVERSION = YES;
				CLANG_WARN_INFINITE_RECURSION = YES;
				CLANG_WARN_INT_CONVERSION = YES;
				CLANG_WARN_NON_LITERAL_NULL_CONVERSION = YES;
				CLANG_WARN_OBJC_IMPLICIT_RETAIN_SELF = YES;
				CLANG_WARN_OBJC_LITERAL_CONVERSION = YES;
				CLANG_WARN_OBJC_ROOT_CLASS = YES_ERROR;
				CLANG_WARN_QUOTED_INCLUDE_IN_FRAMEWORK_HEADER = YES;
				CLANG_WARN_RANGE_LOOP_ANALYSIS = YES;
				CLANG_WARN_STRICT_PROTOTYPES = YES;
				CLANG_WARN_SUSPICIOUS_MOVE = YES;
				CLANG_WARN_UNGUARDED_AVAILABILITY = YES_AGGRESSIVE;
				CLANG_WARN_UNREACHABLE_CODE = YES;
				CLANG_WARN__DUPLICATE_METHOD_MATCH = YES;
				COPY_PHASE_STRIP = NO;
				DEBUG_INFORMATION_FORMAT = "dwarf-with-dsym";
				ENABLE_NS_ASSERTIONS = NO;
				ENABLE_STRICT_OBJC_MSGSEND = YES;
				GCC_C_LANGUAGE_STANDARD = gnu11;
				GCC_NO_COMMON_BLOCKS = YES;
				GCC_WARN_64_TO_32_BIT_CONVERSION = YES;
				GCC_WARN_ABOUT_RETURN_TYPE = YES_ERROR;
				GCC_WARN_UNDECLARED_SELECTOR = YES;
				GCC_WARN_UNINITIALIZED_AUTOS = YES_AGGRESSIVE;
				GCC_WARN_UNUSED_FUNCTION = YES;
				GCC_WARN_UNUSED_VARIABLE = YES;
				IPHONEOS_DEPLOYMENT_TARGET = 15.0;
				MTL_ENABLE_DEBUG_INFO = NO;
				MTL_FAST_MATH = YES;
				SDKROOT = iphoneos;
				SWIFT_COMPILATION_MODE = wholemodule;
				SWIFT_OPTIMIZATION_LEVEL = "-O";
				VALIDATE_PRODUCT = YES;
			};
			name = Release;
		};
		43194A4827A07D8C0023AB63 /* Debug */ = {
			isa = XCBuildConfiguration;
			baseConfigurationReference = FF502BB3ECE362309641CEEA /* Pods-InstagramFirebase.debug.xcconfig */;
			buildSettings = {
				ASSETCATALOG_COMPILER_APPICON_NAME = AppIcon;
				ASSETCATALOG_COMPILER_GLOBAL_ACCENT_COLOR_NAME = AccentColor;
				CODE_SIGN_STYLE = Automatic;
				CURRENT_PROJECT_VERSION = 1;
				DEVELOPMENT_TEAM = 86UBUQTKP2;
				GENERATE_INFOPLIST_FILE = YES;
				INFOPLIST_FILE = InstagramFirebase/Info.plist;
				INFOPLIST_KEY_UIApplicationSupportsIndirectInputEvents = YES;
				INFOPLIST_KEY_UILaunchStoryboardName = LaunchScreen;
				INFOPLIST_KEY_UIMainStoryboardFile = Main;
				INFOPLIST_KEY_UISupportedInterfaceOrientations_iPad = "UIInterfaceOrientationPortrait UIInterfaceOrientationPortraitUpsideDown UIInterfaceOrientationLandscapeLeft UIInterfaceOrientationLandscapeRight";
				INFOPLIST_KEY_UISupportedInterfaceOrientations_iPhone = "UIInterfaceOrientationPortrait UIInterfaceOrientationLandscapeLeft UIInterfaceOrientationLandscapeRight";
				IPHONEOS_DEPLOYMENT_TARGET = 15.0;
				LD_RUNPATH_SEARCH_PATHS = (
					"$(inherited)",
					"@executable_path/Frameworks",
				);
				MARKETING_VERSION = 1.0;
				PRODUCT_BUNDLE_IDENTIFIER = yerlan.InstagramFirebase;
				PRODUCT_NAME = "$(TARGET_NAME)";
				SWIFT_EMIT_LOC_STRINGS = YES;
				SWIFT_VERSION = 5.0;
				TARGETED_DEVICE_FAMILY = "1,2";
			};
			name = Debug;
		};
		43194A4927A07D8C0023AB63 /* Release */ = {
			isa = XCBuildConfiguration;
			baseConfigurationReference = 1E7674B0F1C1216164F9B945 /* Pods-InstagramFirebase.release.xcconfig */;
			buildSettings = {
				ASSETCATALOG_COMPILER_APPICON_NAME = AppIcon;
				ASSETCATALOG_COMPILER_GLOBAL_ACCENT_COLOR_NAME = AccentColor;
				CODE_SIGN_STYLE = Automatic;
				CURRENT_PROJECT_VERSION = 1;
				DEVELOPMENT_TEAM = 86UBUQTKP2;
				GENERATE_INFOPLIST_FILE = YES;
				INFOPLIST_FILE = InstagramFirebase/Info.plist;
				INFOPLIST_KEY_UIApplicationSupportsIndirectInputEvents = YES;
				INFOPLIST_KEY_UILaunchStoryboardName = LaunchScreen;
				INFOPLIST_KEY_UIMainStoryboardFile = Main;
				INFOPLIST_KEY_UISupportedInterfaceOrientations_iPad = "UIInterfaceOrientationPortrait UIInterfaceOrientationPortraitUpsideDown UIInterfaceOrientationLandscapeLeft UIInterfaceOrientationLandscapeRight";
				INFOPLIST_KEY_UISupportedInterfaceOrientations_iPhone = "UIInterfaceOrientationPortrait UIInterfaceOrientationLandscapeLeft UIInterfaceOrientationLandscapeRight";
				IPHONEOS_DEPLOYMENT_TARGET = 15.0;
				LD_RUNPATH_SEARCH_PATHS = (
					"$(inherited)",
					"@executable_path/Frameworks",
				);
				MARKETING_VERSION = 1.0;
				PRODUCT_BUNDLE_IDENTIFIER = yerlan.InstagramFirebase;
				PRODUCT_NAME = "$(TARGET_NAME)";
				SWIFT_EMIT_LOC_STRINGS = YES;
				SWIFT_VERSION = 5.0;
				TARGETED_DEVICE_FAMILY = "1,2";
			};
			name = Release;
		};
		43194A4B27A07D8C0023AB63 /* Debug */ = {
			isa = XCBuildConfiguration;
			baseConfigurationReference = 0BD9AADB187A916D6B149E50 /* Pods-InstagramFirebaseTests.debug.xcconfig */;
			buildSettings = {
				ALWAYS_EMBED_SWIFT_STANDARD_LIBRARIES = YES;
				BUNDLE_LOADER = "$(TEST_HOST)";
				CODE_SIGN_STYLE = Automatic;
				CURRENT_PROJECT_VERSION = 1;
				DEVELOPMENT_TEAM = 86UBUQTKP2;
				GENERATE_INFOPLIST_FILE = YES;
				IPHONEOS_DEPLOYMENT_TARGET = 15.0;
				LD_RUNPATH_SEARCH_PATHS = (
					"$(inherited)",
					"@executable_path/Frameworks",
					"@loader_path/Frameworks",
				);
				MARKETING_VERSION = 1.0;
				PRODUCT_BUNDLE_IDENTIFIER = yerlan.InstagramFirebaseTests;
				PRODUCT_NAME = "$(TARGET_NAME)";
				SWIFT_EMIT_LOC_STRINGS = NO;
				SWIFT_VERSION = 5.0;
				TARGETED_DEVICE_FAMILY = "1,2";
				TEST_HOST = "$(BUILT_PRODUCTS_DIR)/InstagramFirebase.app/InstagramFirebase";
			};
			name = Debug;
		};
		43194A4C27A07D8C0023AB63 /* Release */ = {
			isa = XCBuildConfiguration;
			baseConfigurationReference = BC1BFE1784488CEAEB175D60 /* Pods-InstagramFirebaseTests.release.xcconfig */;
			buildSettings = {
				ALWAYS_EMBED_SWIFT_STANDARD_LIBRARIES = YES;
				BUNDLE_LOADER = "$(TEST_HOST)";
				CODE_SIGN_STYLE = Automatic;
				CURRENT_PROJECT_VERSION = 1;
				DEVELOPMENT_TEAM = 86UBUQTKP2;
				GENERATE_INFOPLIST_FILE = YES;
				IPHONEOS_DEPLOYMENT_TARGET = 15.0;
				LD_RUNPATH_SEARCH_PATHS = (
					"$(inherited)",
					"@executable_path/Frameworks",
					"@loader_path/Frameworks",
				);
				MARKETING_VERSION = 1.0;
				PRODUCT_BUNDLE_IDENTIFIER = yerlan.InstagramFirebaseTests;
				PRODUCT_NAME = "$(TARGET_NAME)";
				SWIFT_EMIT_LOC_STRINGS = NO;
				SWIFT_VERSION = 5.0;
				TARGETED_DEVICE_FAMILY = "1,2";
				TEST_HOST = "$(BUILT_PRODUCTS_DIR)/InstagramFirebase.app/InstagramFirebase";
			};
			name = Release;
		};
		43194A4E27A07D8C0023AB63 /* Debug */ = {
			isa = XCBuildConfiguration;
			baseConfigurationReference = 6ECA7351676B6C9D59A85FD0 /* Pods-InstagramFirebase-InstagramFirebaseUITests.debug.xcconfig */;
			buildSettings = {
				ALWAYS_EMBED_SWIFT_STANDARD_LIBRARIES = YES;
				CODE_SIGN_STYLE = Automatic;
				CURRENT_PROJECT_VERSION = 1;
				DEVELOPMENT_TEAM = 86UBUQTKP2;
				GENERATE_INFOPLIST_FILE = YES;
				LD_RUNPATH_SEARCH_PATHS = (
					"$(inherited)",
					"@executable_path/Frameworks",
					"@loader_path/Frameworks",
				);
				MARKETING_VERSION = 1.0;
				PRODUCT_BUNDLE_IDENTIFIER = yerlan.InstagramFirebaseUITests;
				PRODUCT_NAME = "$(TARGET_NAME)";
				SWIFT_EMIT_LOC_STRINGS = NO;
				SWIFT_VERSION = 5.0;
				TARGETED_DEVICE_FAMILY = "1,2";
				TEST_TARGET_NAME = InstagramFirebase;
			};
			name = Debug;
		};
		43194A4F27A07D8C0023AB63 /* Release */ = {
			isa = XCBuildConfiguration;
			baseConfigurationReference = CA1421DD7450D37C3A607E7D /* Pods-InstagramFirebase-InstagramFirebaseUITests.release.xcconfig */;
			buildSettings = {
				ALWAYS_EMBED_SWIFT_STANDARD_LIBRARIES = YES;
				CODE_SIGN_STYLE = Automatic;
				CURRENT_PROJECT_VERSION = 1;
				DEVELOPMENT_TEAM = 86UBUQTKP2;
				GENERATE_INFOPLIST_FILE = YES;
				LD_RUNPATH_SEARCH_PATHS = (
					"$(inherited)",
					"@executable_path/Frameworks",
					"@loader_path/Frameworks",
				);
				MARKETING_VERSION = 1.0;
				PRODUCT_BUNDLE_IDENTIFIER = yerlan.InstagramFirebaseUITests;
				PRODUCT_NAME = "$(TARGET_NAME)";
				SWIFT_EMIT_LOC_STRINGS = NO;
				SWIFT_VERSION = 5.0;
				TARGETED_DEVICE_FAMILY = "1,2";
				TEST_TARGET_NAME = InstagramFirebase;
			};
			name = Release;
		};
/* End XCBuildConfiguration section */

/* Begin XCConfigurationList section */
		43194A1827A07D8A0023AB63 /* Build configuration list for PBXProject "InstagramFirebase" */ = {
			isa = XCConfigurationList;
			buildConfigurations = (
				43194A4527A07D8C0023AB63 /* Debug */,
				43194A4627A07D8C0023AB63 /* Release */,
			);
			defaultConfigurationIsVisible = 0;
			defaultConfigurationName = Release;
		};
		43194A4727A07D8C0023AB63 /* Build configuration list for PBXNativeTarget "InstagramFirebase" */ = {
			isa = XCConfigurationList;
			buildConfigurations = (
				43194A4827A07D8C0023AB63 /* Debug */,
				43194A4927A07D8C0023AB63 /* Release */,
			);
			defaultConfigurationIsVisible = 0;
			defaultConfigurationName = Release;
		};
		43194A4A27A07D8C0023AB63 /* Build configuration list for PBXNativeTarget "InstagramFirebaseTests" */ = {
			isa = XCConfigurationList;
			buildConfigurations = (
				43194A4B27A07D8C0023AB63 /* Debug */,
				43194A4C27A07D8C0023AB63 /* Release */,
			);
			defaultConfigurationIsVisible = 0;
			defaultConfigurationName = Release;
		};
		43194A4D27A07D8C0023AB63 /* Build configuration list for PBXNativeTarget "InstagramFirebaseUITests" */ = {
			isa = XCConfigurationList;
			buildConfigurations = (
				43194A4E27A07D8C0023AB63 /* Debug */,
				43194A4F27A07D8C0023AB63 /* Release */,
			);
			defaultConfigurationIsVisible = 0;
			defaultConfigurationName = Release;
		};
/* End XCConfigurationList section */
	};
	rootObject = 43194A1527A07D8A0023AB63 /* Project object */;
}
